// !$*UTF8*$!
{
	archiveVersion = 1;
	classes = {
	};
	objectVersion = 50;
	objects = {

/* Begin PBXBuildFile section */
		8C1A2D9E21FBB35300E7870B /* AppDelegate.swift in Sources */ = {isa = PBXBuildFile; fileRef = 8C1A2D9D21FBB35300E7870B /* AppDelegate.swift */; };
		8C1A2DA321FBB35300E7870B /* Main.storyboard in Resources */ = {isa = PBXBuildFile; fileRef = 8C1A2DA121FBB35300E7870B /* Main.storyboard */; };
		8C1A2DA621FBB35300E7870B /* VirtalTourist3.xcdatamodeld in Sources */ = {isa = PBXBuildFile; fileRef = 8C1A2DA421FBB35300E7870B /* VirtalTourist3.xcdatamodeld */; };
		8C1A2DA821FBB35500E7870B /* Assets.xcassets in Resources */ = {isa = PBXBuildFile; fileRef = 8C1A2DA721FBB35500E7870B /* Assets.xcassets */; };
		8C1A2DAB21FBB35500E7870B /* LaunchScreen.storyboard in Resources */ = {isa = PBXBuildFile; fileRef = 8C1A2DA921FBB35500E7870B /* LaunchScreen.storyboard */; };
		8C1A2DB921FBB40900E7870B /* Requests.swift in Sources */ = {isa = PBXBuildFile; fileRef = 8C1A2DB821FBB40900E7870B /* Requests.swift */; };
		8C1A2DBB21FBB41300E7870B /* Constants.swift in Sources */ = {isa = PBXBuildFile; fileRef = 8C1A2DBA21FBB41300E7870B /* Constants.swift */; };
		8C1A2DBD21FBB43100E7870B /* DataController.swift in Sources */ = {isa = PBXBuildFile; fileRef = 8C1A2DBC21FBB43100E7870B /* DataController.swift */; };
		8C1A2DBF21FBB44900E7870B /* PhotosCollectioViewCell.swift in Sources */ = {isa = PBXBuildFile; fileRef = 8C1A2DBE21FBB44900E7870B /* PhotosCollectioViewCell.swift */; };
		8C1A2DC121FBB46600E7870B /* MapViewController.swift in Sources */ = {isa = PBXBuildFile; fileRef = 8C1A2DC021FBB46600E7870B /* MapViewController.swift */; };
		8C1A2DC321FBB47A00E7870B /* PhotosCollectionViewController.swift in Sources */ = {isa = PBXBuildFile; fileRef = 8C1A2DC221FBB47A00E7870B /* PhotosCollectionViewController.swift */; };
		8C1A2DC521FBB4A700E7870B /* PhotosCollectionExtra.swift in Sources */ = {isa = PBXBuildFile; fileRef = 8C1A2DC421FBB4A700E7870B /* PhotosCollectionExtra.swift */; };
		8CB4AAB12206C42800082388 /* Alert.swift in Sources */ = {isa = PBXBuildFile; fileRef = 8CB4AAB02206C42800082388 /* Alert.swift */; };
/* End PBXBuildFile section */

/* Begin PBXFileReference section */
		8C1A2D9A21FBB35300E7870B /* VirtalTourist3.app */ = {isa = PBXFileReference; explicitFileType = wrapper.application; includeInIndex = 0; path = VirtalTourist3.app; sourceTree = BUILT_PRODUCTS_DIR; };
		8C1A2D9D21FBB35300E7870B /* AppDelegate.swift */ = {isa = PBXFileReference; lastKnownFileType = sourcecode.swift; path = AppDelegate.swift; sourceTree = "<group>"; };
		8C1A2DA221FBB35300E7870B /* Base */ = {isa = PBXFileReference; lastKnownFileType = file.storyboard; name = Base; path = Base.lproj/Main.storyboard; sourceTree = "<group>"; };
		8C1A2DA521FBB35300E7870B /* VirtalTourist3.xcdatamodel */ = {isa = PBXFileReference; lastKnownFileType = wrapper.xcdatamodel; path = VirtalTourist3.xcdatamodel; sourceTree = "<group>"; };
		8C1A2DA721FBB35500E7870B /* Assets.xcassets */ = {isa = PBXFileReference; lastKnownFileType = folder.assetcatalog; path = Assets.xcassets; sourceTree = "<group>"; };
		8C1A2DAA21FBB35500E7870B /* Base */ = {isa = PBXFileReference; lastKnownFileType = file.storyboard; name = Base; path = Base.lproj/LaunchScreen.storyboard; sourceTree = "<group>"; };
		8C1A2DAC21FBB35500E7870B /* Info.plist */ = {isa = PBXFileReference; lastKnownFileType = text.plist.xml; path = Info.plist; sourceTree = "<group>"; };
		8C1A2DB821FBB40900E7870B /* Requests.swift */ = {isa = PBXFileReference; lastKnownFileType = sourcecode.swift; path = Requests.swift; sourceTree = "<group>"; };
		8C1A2DBA21FBB41300E7870B /* Constants.swift */ = {isa = PBXFileReference; lastKnownFileType = sourcecode.swift; path = Constants.swift; sourceTree = "<group>"; };
		8C1A2DBC21FBB43100E7870B /* DataController.swift */ = {isa = PBXFileReference; lastKnownFileType = sourcecode.swift; path = DataController.swift; sourceTree = "<group>"; };
		8C1A2DBE21FBB44900E7870B /* PhotosCollectioViewCell.swift */ = {isa = PBXFileReference; lastKnownFileType = sourcecode.swift; path = PhotosCollectioViewCell.swift; sourceTree = "<group>"; };
		8C1A2DC021FBB46600E7870B /* MapViewController.swift */ = {isa = PBXFileReference; lastKnownFileType = sourcecode.swift; path = MapViewController.swift; sourceTree = "<group>"; };
		8C1A2DC221FBB47A00E7870B /* PhotosCollectionViewController.swift */ = {isa = PBXFileReference; lastKnownFileType = sourcecode.swift; path = PhotosCollectionViewController.swift; sourceTree = "<group>"; };
		8C1A2DC421FBB4A700E7870B /* PhotosCollectionExtra.swift */ = {isa = PBXFileReference; lastKnownFileType = sourcecode.swift; path = PhotosCollectionExtra.swift; sourceTree = "<group>"; };
		8CB4AAB02206C42800082388 /* Alert.swift */ = {isa = PBXFileReference; lastKnownFileType = sourcecode.swift; path = Alert.swift; sourceTree = "<group>"; };
		8CB4AAB222076DC900082388 /* README.md */ = {isa = PBXFileReference; lastKnownFileType = net.daringfireball.markdown; name = README.md; path = VirtalTourist3/README.md; sourceTree = SOURCE_ROOT; };
/* End PBXFileReference section */

/* Begin PBXFrameworksBuildPhase section */
		8C1A2D9721FBB35300E7870B /* Frameworks */ = {
			isa = PBXFrameworksBuildPhase;
			buildActionMask = 2147483647;
			files = (
			);
			runOnlyForDeploymentPostprocessing = 0;
		};
/* End PBXFrameworksBuildPhase section */

/* Begin PBXGroup section */
		8C1A2D9121FBB35300E7870B = {
			isa = PBXGroup;
			children = (
				8C1A2D9C21FBB35300E7870B /* VirtalTourist3 */,
				8C1A2D9B21FBB35300E7870B /* Products */,
			);
			sourceTree = "<group>";
		};
		8C1A2D9B21FBB35300E7870B /* Products */ = {
			isa = PBXGroup;
			children = (
				8C1A2D9A21FBB35300E7870B /* VirtalTourist3.app */,
			);
			name = Products;
			sourceTree = "<group>";
		};
		8C1A2D9C21FBB35300E7870B /* VirtalTourist3 */ = {
			isa = PBXGroup;
			children = (
				8C1A2DB621FBB39A00E7870B /* Controllers */,
				8C1A2DB521FBB39700E7870B /* Views */,
				8C1A2DB221FBB37600E7870B /* Models */,
				8C1A2D9D21FBB35300E7870B /* AppDelegate.swift */,
				8C1A2DA121FBB35300E7870B /* Main.storyboard */,
				8C1A2DA721FBB35500E7870B /* Assets.xcassets */,
				8C1A2DA921FBB35500E7870B /* LaunchScreen.storyboard */,
				8C1A2DAC21FBB35500E7870B /* Info.plist */,
				8CB4AAB222076DC900082388 /* README.md */,
			);
			path = VirtalTourist3;
			sourceTree = "<group>";
		};
		8C1A2DB221FBB37600E7870B /* Models */ = {
			isa = PBXGroup;
			children = (
				8C1A2DB721FBB3EC00E7870B /* Flickr */,
				8C1A2DB321FBB37800E7870B /* CoreData */,
			);
			path = Models;
			sourceTree = "<group>";
		};
		8C1A2DB321FBB37800E7870B /* CoreData */ = {
			isa = PBXGroup;
			children = (
				8C1A2DA421FBB35300E7870B /* VirtalTourist3.xcdatamodeld */,
				8C1A2DBC21FBB43100E7870B /* DataController.swift */,
			);
			path = CoreData;
			sourceTree = "<group>";
		};
		8C1A2DB521FBB39700E7870B /* Views */ = {
			isa = PBXGroup;
			children = (
				8C1A2DBE21FBB44900E7870B /* PhotosCollectioViewCell.swift */,
				8CB4AAB02206C42800082388 /* Alert.swift */,
			);
			path = Views;
			sourceTree = "<group>";
		};
		8C1A2DB621FBB39A00E7870B /* Controllers */ = {
			isa = PBXGroup;
			children = (
				8C1A2DC021FBB46600E7870B /* MapViewController.swift */,
				8C1A2DC221FBB47A00E7870B /* PhotosCollectionViewController.swift */,
				8C1A2DC421FBB4A700E7870B /* PhotosCollectionExtra.swift */,
			);
			path = Controllers;
			sourceTree = "<group>";
		};
		8C1A2DB721FBB3EC00E7870B /* Flickr */ = {
			isa = PBXGroup;
			children = (
				8C1A2DB821FBB40900E7870B /* Requests.swift */,
				8C1A2DBA21FBB41300E7870B /* Constants.swift */,
			);
			path = Flickr;
			sourceTree = "<group>";
		};
/* End PBXGroup section */

/* Begin PBXNativeTarget section */
		8C1A2D9921FBB35300E7870B /* VirtalTourist3 */ = {
			isa = PBXNativeTarget;
			buildConfigurationList = 8C1A2DAF21FBB35500E7870B /* Build configuration list for PBXNativeTarget "VirtalTourist3" */;
			buildPhases = (
				8C1A2D9621FBB35300E7870B /* Sources */,
				8C1A2D9721FBB35300E7870B /* Frameworks */,
				8C1A2D9821FBB35300E7870B /* Resources */,
			);
			buildRules = (
			);
			dependencies = (
			);
			name = VirtalTourist3;
			productName = VirtalTourist3;
			productReference = 8C1A2D9A21FBB35300E7870B /* VirtalTourist3.app */;
			productType = "com.apple.product-type.application";
		};
/* End PBXNativeTarget section */

/* Begin PBXProject section */
		8C1A2D9221FBB35300E7870B /* Project object */ = {
			isa = PBXProject;
			attributes = {
				LastSwiftUpdateCheck = 1010;
				LastUpgradeCheck = 1010;
				ORGANIZATIONNAME = Udacity;
				TargetAttributes = {
					8C1A2D9921FBB35300E7870B = {
						CreatedOnToolsVersion = 10.1;
					};
				};
			};
			buildConfigurationList = 8C1A2D9521FBB35300E7870B /* Build configuration list for PBXProject "VirtalTourist3" */;
			compatibilityVersion = "Xcode 9.3";
			developmentRegion = en;
			hasScannedForEncodings = 0;
			knownRegions = (
				en,
				Base,
			);
			mainGroup = 8C1A2D9121FBB35300E7870B;
			productRefGroup = 8C1A2D9B21FBB35300E7870B /* Products */;
			projectDirPath = "";
			projectRoot = "";
			targets = (
				8C1A2D9921FBB35300E7870B /* VirtalTourist3 */,
			);
		};
/* End PBXProject section */

/* Begin PBXResourcesBuildPhase section */
		8C1A2D9821FBB35300E7870B /* Resources */ = {
			isa = PBXResourcesBuildPhase;
			buildActionMask = 2147483647;
			files = (
				8C1A2DAB21FBB35500E7870B /* LaunchScreen.storyboard in Resources */,
				8C1A2DA821FBB35500E7870B /* Assets.xcassets in Resources */,
				8C1A2DA321FBB35300E7870B /* Main.storyboard in Resources */,
			);
			runOnlyForDeploymentPostprocessing = 0;
		};
/* End PBXResourcesBuildPhase section */

/* Begin PBXSourcesBuildPhase section */
		8C1A2D9621FBB35300E7870B /* Sources */ = {
			isa = PBXSourcesBuildPhase;
			buildActionMask = 2147483647;
			files = (
				8C1A2DBB21FBB41300E7870B /* Constants.swift in Sources */,
				8C1A2DBD21FBB43100E7870B /* DataController.swift in Sources */,
				8C1A2DBF21FBB44900E7870B /* PhotosCollectioViewCell.swift in Sources */,
				8C1A2DB921FBB40900E7870B /* Requests.swift in Sources */,
				8C1A2DC521FBB4A700E7870B /* PhotosCollectionExtra.swift in Sources */,
				8C1A2D9E21FBB35300E7870B /* AppDelegate.swift in Sources */,
				8C1A2DC321FBB47A00E7870B /* PhotosCollectionViewController.swift in Sources */,
				8CB4AAB12206C42800082388 /* Alert.swift in Sources */,
				8C1A2DA621FBB35300E7870B /* VirtalTourist3.xcdatamodeld in Sources */,
				8C1A2DC121FBB46600E7870B /* MapViewController.swift in Sources */,
			);
			runOnlyForDeploymentPostprocessing = 0;
		};
/* End PBXSourcesBuildPhase section */

/* Begin PBXVariantGroup section */
		8C1A2DA121FBB35300E7870B /* Main.storyboard */ = {
			isa = PBXVariantGroup;
			children = (
				8C1A2DA221FBB35300E7870B /* Base */,
			);
			name = Main.storyboard;
			sourceTree = "<group>";
		};
		8C1A2DA921FBB35500E7870B /* LaunchScreen.storyboard */ = {
			isa = PBXVariantGroup;
			children = (
				8C1A2DAA21FBB35500E7870B /* Base */,
			);
			name = LaunchScreen.storyboard;
			sourceTree = "<group>";
		};
/* End PBXVariantGroup section */

/* Begin XCBuildConfiguration section */
		8C1A2DAD21FBB35500E7870B /* Debug */ = {
			isa = XCBuildConfiguration;
			buildSettings = {
				ALWAYS_SEARCH_USER_PATHS = NO;
				CLANG_ANALYZER_NONNULL = YES;
				CLANG_ANALYZER_NUMBER_OBJECT_CONVERSION = YES_AGGRESSIVE;
				CLANG_CXX_LANGUAGE_STANDARD = "gnu++14";
				CLANG_CXX_LIBRARY = "libc++";
				CLANG_ENABLE_MODULES = YES;
				CLANG_ENABLE_OBJC_ARC = YES;
				CLANG_ENABLE_OBJC_WEAK = YES;
				CLANG_WARN_BLOCK_CAPTURE_AUTORELEASING = YES;
				CLANG_WARN_BOOL_CONVERSION = YES;
				CLANG_WARN_COMMA = YES;
				CLANG_WARN_CONSTANT_CONVERSION = YES;
				CLANG_WARN_DEPRECATED_OBJC_IMPLEMENTATIONS = YES;
				CLANG_WARN_DIRECT_OBJC_ISA_USAGE = YES_ERROR;
				CLANG_WARN_DOCUMENTATION_COMMENTS = YES;
				CLANG_WARN_EMPTY_BODY = YES;
				CLANG_WARN_ENUM_CONVERSION = YES;
				CLANG_WARN_INFINITE_RECURSION = YES;
				CLANG_WARN_INT_CONVERSION = YES;
				CLANG_WARN_NON_LITERAL_NULL_CONVERSION = YES;
				CLANG_WARN_OBJC_IMPLICIT_RETAIN_SELF = YES;
				CLANG_WARN_OBJC_LITERAL_CONVERSION = YES;
				CLANG_WARN_OBJC_ROOT_CLASS = YES_ERROR;
				CLANG_WARN_RANGE_LOOP_ANALYSIS = YES;
				CLANG_WARN_STRICT_PROTOTYPES = YES;
				CLANG_WARN_SUSPICIOUS_MOVE = YES;
				CLANG_WARN_UNGUARDED_AVAILABILITY = YES_AGGRESSIVE;
				CLANG_WARN_UNREACHABLE_CODE = YES;
				CLANG_WARN__DUPLICATE_METHOD_MATCH = YES;
				CODE_SIGN_IDENTITY = "iPhone Developer";
				COPY_PHASE_STRIP = NO;
				DEBUG_INFORMATION_FORMAT = dwarf;
				ENABLE_STRICT_OBJC_MSGSEND = YES;
				ENABLE_TESTABILITY = YES;
				GCC_C_LANGUAGE_STANDARD = gnu11;
				GCC_DYNAMIC_NO_PIC = NO;
				GCC_NO_COMMON_BLOCKS = YES;
				GCC_OPTIMIZATION_LEVEL = 0;
				GCC_PREPROCESSOR_DEFINITIONS = (
					"DEBUG=1",
					"$(inherited)",
				);
				GCC_WARN_64_TO_32_BIT_CONVERSION = YES;
				GCC_WARN_ABOUT_RETURN_TYPE = YES_ERROR;
				GCC_WARN_UNDECLARED_SELECTOR = YES;
				GCC_WARN_UNINITIALIZED_AUTOS = YES_AGGRESSIVE;
				GCC_WARN_UNUSED_FUNCTION = YES;
				GCC_WARN_UNUSED_VARIABLE = YES;
				IPHONEOS_DEPLOYMENT_TARGET = 12.1;
				MTL_ENABLE_DEBUG_INFO = INCLUDE_SOURCE;
				MTL_FAST_MATH = YES;
				ONLY_ACTIVE_ARCH = YES;
				SDKROOT = iphoneos;
				SWIFT_ACTIVE_COMPILATION_CONDITIONS = DEBUG;
				SWIFT_OPTIMIZATION_LEVEL = "-Onone";
			};
			name = Debug;
		};
		8C1A2DAE21FBB35500E7870B /* Release */ = {
			isa = XCBuildConfiguration;
			buildSettings = {
				ALWAYS_SEARCH_USER_PATHS = NO;
				CLANG_ANALYZER_NONNULL = YES;
				CLANG_ANALYZER_NUMBER_OBJECT_CONVERSION = YES_AGGRESSIVE;
				CLANG_CXX_LANGUAGE_STANDARD = "gnu++14";
				CLANG_CXX_LIBRARY = "libc++";
				CLANG_ENABLE_MODULES = YES;
				CLANG_ENABLE_OBJC_ARC = YES;
				CLANG_ENABLE_OBJC_WEAK = YES;
				CLANG_WARN_BLOCK_CAPTURE_AUTORELEASING = YES;
				CLANG_WARN_BOOL_CONVERSION = YES;
				CLANG_WARN_COMMA = YES;
				CLANG_WARN_CONSTANT_CONVERSION = YES;
				CLANG_WARN_DEPRECATED_OBJC_IMPLEMENTATIONS = YES;
				CLANG_WARN_DIRECT_OBJC_ISA_USAGE = YES_ERROR;
				CLANG_WARN_DOCUMENTATION_COMMENTS = YES;
				CLANG_WARN_EMPTY_BODY = YES;
				CLANG_WARN_ENUM_CONVERSION = YES;
				CLANG_WARN_INFINITE_RECURSION = YES;
				CLANG_WARN_INT_CONVERSION = YES;
				CLANG_WARN_NON_LITERAL_NULL_CONVERSION = YES;
				CLANG_WARN_OBJC_IMPLICIT_RETAIN_SELF = YES;
				CLANG_WARN_OBJC_LITERAL_CONVERSION = YES;
				CLANG_WARN_OBJC_ROOT_CLASS = YES_ERROR;
				CLANG_WARN_RANGE_LOOP_ANALYSIS = YES;
				CLANG_WARN_STRICT_PROTOTYPES = YES;
				CLANG_WARN_SUSPICIOUS_MOVE = YES;
				CLANG_WARN_UNGUARDED_AVAILABILITY = YES_AGGRESSIVE;
				CLANG_WARN_UNREACHABLE_CODE = YES;
				CLANG_WARN__DUPLICATE_METHOD_MATCH = YES;
				CODE_SIGN_IDENTITY = "iPhone Developer";
				COPY_PHASE_STRIP = NO;
				DEBUG_INFORMATION_FORMAT = "dwarf-with-dsym";
				ENABLE_NS_ASSERTIONS = NO;
				ENABLE_STRICT_OBJC_MSGSEND = YES;
				GCC_C_LANGUAGE_STANDARD = gnu11;
				GCC_NO_COMMON_BLOCKS = YES;
				GCC_WARN_64_TO_32_BIT_CONVERSION = YES;
				GCC_WARN_ABOUT_RETURN_TYPE = YES_ERROR;
				GCC_WARN_UNDECLARED_SELECTOR = YES;
				GCC_WARN_UNINITIALIZED_AUTOS = YES_AGGRESSIVE;
				GCC_WARN_UNUSED_FUNCTION = YES;
				GCC_WARN_UNUSED_VARIABLE = YES;
				IPHONEOS_DEPLOYMENT_TARGET = 12.1;
				MTL_ENABLE_DEBUG_INFO = NO;
				MTL_FAST_MATH = YES;
				SDKROOT = iphoneos;
				SWIFT_COMPILATION_MODE = wholemodule;
				SWIFT_OPTIMIZATION_LEVEL = "-O";
				VALIDATE_PRODUCT = YES;
			};
			name = Release;
		};
		8C1A2DB021FBB35500E7870B /* Debug */ = {
			isa = XCBuildConfiguration;
			buildSettings = {
				ASSETCATALOG_COMPILER_APPICON_NAME = AppIcon;
				CODE_SIGN_STYLE = Automatic;
				INFOPLIST_FILE = VirtalTourist3/Info.plist;
				LD_RUNPATH_SEARCH_PATHS = (
					"$(inherited)",
					"@executable_path/Frameworks",
				);
				PRODUCT_BUNDLE_IDENTIFIER = com.Udacity.VirtalTourist3;
				PRODUCT_NAME = "$(TARGET_NAME)";
				SWIFT_VERSION = 4.2;
				TARGETED_DEVICE_FAMILY = "1,2";
			};
			name = Debug;
		};
		8C1A2DB121FBB35500E7870B /* Release */ = {
			isa = XCBuildConfiguration;
			buildSettings = {
				ASSETCATALOG_COMPILER_APPICON_NAME = AppIcon;
				CODE_SIGN_STYLE = Automatic;
				INFOPLIST_FILE = VirtalTourist3/Info.plist;
				LD_RUNPATH_SEARCH_PATHS = (
					"$(inherited)",
					"@executable_path/Frameworks",
				);
				PRODUCT_BUNDLE_IDENTIFIER = com.Udacity.VirtalTourist3;
				PRODUCT_NAME = "$(TARGET_NAME)";
				SWIFT_VERSION = 4.2;
				TARGETED_DEVICE_FAMILY = "1,2";
			};
			name = Release;
		};
/* End XCBuildConfiguration section */

/* Begin XCConfigurationList section */
		8C1A2D9521FBB35300E7870B /* Build configuration list for PBXProject "VirtalTourist3" */ = {
			isa = XCConfigurationList;
			buildConfigurations = (
				8C1A2DAD21FBB35500E7870B /* Debug */,
				8C1A2DAE21FBB35500E7870B /* Release */,
			);
			defaultConfigurationIsVisible = 0;
			defaultConfigurationName = Release;
		};
		8C1A2DAF21FBB35500E7870B /* Build configuration list for PBXNativeTarget "VirtalTourist3" */ = {
			isa = XCConfigurationList;
			buildConfigurations = (
				8C1A2DB021FBB35500E7870B /* Debug */,
				8C1A2DB121FBB35500E7870B /* Release */,
			);
			defaultConfigurationIsVisible = 0;
			defaultConfigurationName = Release;
		};
/* End XCConfigurationList section */

/* Begin XCVersionGroup section */
		8C1A2DA421FBB35300E7870B /* VirtalTourist3.xcdatamodeld */ = {
			isa = XCVersionGroup;
			children = (
				8C1A2DA521FBB35300E7870B /* VirtalTourist3.xcdatamodel */,
			);
			currentVersion = 8C1A2DA521FBB35300E7870B /* VirtalTourist3.xcdatamodel */;
			path = VirtalTourist3.xcdatamodeld;
			sourceTree = "<group>";
			versionGroupType = wrapper.xcdatamodel;
		};
/* End XCVersionGroup section */
	};
	rootObject = 8C1A2D9221FBB35300E7870B /* Project object */;
}
